# THIS IS AN AUTOGENERATED FILE. DO NOT EDIT THIS FILE DIRECTLY.
# yarn lockfile v1


"@openlayers/pepjs@^0.5.3":
  version "0.5.3"
  resolved "https://registry.npm.taobao.org/@openlayers/pepjs/download/@openlayers/pepjs-0.5.3.tgz#298c5994cc12de5f149f841affdd8a3e506228b5"
  integrity sha1-KYxZlMwS3l8Un4Qa/92KPlBiKLU=

ieee754@^1.1.12:
  version "1.1.13"
  resolved "https://registry.npm.taobao.org/ieee754/download/ieee754-1.1.13.tgz#ec168558e95aa181fd87d37f55c32bbcb6708b84"
  integrity sha1-7BaFWOlaoYH9h9N/VcMrvLZwi4Q=

ol@^6.1.1:
  version "6.1.1"
  resolved "https://registry.npm.taobao.org/ol/download/ol-6.1.1.tgz#7f8ada284344a5872d552205de558ed4a904cd27"
  integrity sha1-f4raKENEpYctVSIF3lWO1KkEzSc=
  dependencies:
    "@openlayers/pepjs" "^0.5.3"
    pbf "3.2.1"
    pixelworks "1.1.0"
    rbush "^3.0.1"

pbf@3.2.1:
  version "3.2.1"
  resolved "https://registry.npm.taobao.org/pbf/download/pbf-3.2.1.tgz#b4c1b9e72af966cd82c6531691115cc0409ffe2a"
  integrity sha1-tMG55yr5Zs2CxlMWkRFcwECf/io=
  dependencies:
    ieee754 "^1.1.12"
    resolve-protobuf-schema "^2.1.0"

pixelworks@1.1.0:
  version "1.1.0"
  resolved "https://registry.npm.taobao.org/pixelworks/download/pixelworks-1.1.0.tgz#1f095ad48dca8bf8a1c8258e0092031a44f22ca5"
  integrity sha1-Hwla1I3Ki/ihyCWOAJIDGkTyLKU=

protocol-buffers-schema@^3.3.1:
  version "3.3.2"
  resolved "https://registry.npm.taobao.org/protocol-buffers-schema/download/protocol-buffers-schema-3.3.2.tgz#00434f608b4e8df54c59e070efeefc37fb4bb859"
  integrity sha1-AENPYItOjfVMWeBw7+78N/tLuFk=

quickselect@^2.0.0:
  version "2.0.0"
  resolved "https://registry.npm.taobao.org/quickselect/download/quickselect-2.0.0.tgz#f19680a486a5eefb581303e023e98faaf25dd018"
  integrity sha1-8ZaApIal7vtYEwPgI+mPqvJd0Bg=

rbush@^3.0.1:
  version "3.0.1"
  resolved "https://registry.npm.taobao.org/rbush/download/rbush-3.0.1.tgz?cache=0&other_urls=https%3A%2F%2Fregistry.npm.taobao.org%2Frbush%2Fdownload%2Frbush-3.0.1.tgz#5fafa8a79b3b9afdfe5008403a720cc1de882ecf"
  integrity sha1-X6+op5s7mv3+UAhAOnIMwd6ILs8=
  dependencies:
    quickselect "^2.0.0"

resolve-protobuf-schema@^2.1.0:
  version "2.1.0"
  resolved "https://registry.npm.taobao.org/resolve-protobuf-schema/download/resolve-protobuf-schema-2.1.0.tgz#9ca9a9e69cf192bbdaf1006ec1973948aa4a3758"
  integrity sha1-nKmp5pzxkrva8QBuwZc5SKpKN1g=
  dependencies:
    protocol-buffers-schema "^3.3.1"
